
Microsoft Visual Studio Solution File, Format Version 12.00
# Visual Studio 15
VisualStudioVersion = 15.0.28010.2036
MinimumVisualStudioVersion = 10.0.40219.1
Project("{FAE04EC0-301F-11D3-BF4B-00C04F79EFBC}") = "ConsoleAppWithLibB", "ConsoleAppWithLibB\ConsoleAppWithLibB.csproj", "{DF94B51D-DDEA-420E-9BBB-BF0F8BDA8F38}"
EndProject
Project("{FAE04EC0-301F-11D3-BF4B-00C04F79EFBC}") = "ConsoleAppWithLibA", "ConsoleAppWithLibA\ConsoleAppWithLibA.csproj", "{51773982-178F-40BF-99C9-65DA4866F7A3}"
EndProject
Global
	GlobalSection(SolutionConfigurationPlatforms) = preSolution
		Debug|Any CPU = Debug|Any CPU
		Release|Any CPU = Release|Any CPU
	EndGlobalSection
	GlobalSection(ProjectConfigurationPlatforms) = postSolution
		{DF94B51D-DDEA-420E-9BBB-BF0F8BDA8F38}.Debug|Any CPU.ActiveCfg = Debug|Any CPU
		{DF94B51D-DDEA-420E-9BBB-BF0F8BDA8F38}.Debug|Any CPU.Build.0 = Debug|Any CPU
		{DF94B51D-DDEA-420E-9BBB-BF0F8BDA8F38}.Release|Any CPU.ActiveCfg = Release|Any CPU
		{DF94B51D-DDEA-420E-9BBB-BF0F8BDA8F38}.Release|Any CPU.Build.0 = Release|Any CPU
		{51773982-178F-40BF-99C9-65DA4866F7A3}.Debug|Any CPU.ActiveCfg = Debug|Any CPU
		{51773982-178F-40BF-99C9-65DA4866F7A3}.Debug|Any CPU.Build.0 = Debug|Any CPU
		{51773982-178F-40BF-99C9-65DA4866F7A3}.Release|Any CPU.ActiveCfg = Release|Any CPU
		{51773982-178F-40BF-99C9-65DA4866F7A3}.Release|Any CPU.Build.0 = Release|Any CPU
	EndGlobalSection
	GlobalSection(SolutionProperties) = preSolution
		HideSolutionNode = FALSE
	EndGlobalSection
	GlobalSection(ExtensibilityGlobals) = postSolution
		SolutionGuid = {F0CA85BE-5C6B-489D-B469-FED43C2F3E61}
	EndGlobalSection
EndGlobal
