
Microsoft Visual Studio Solution File, Format Version 12.00
# Visual Studio 15
VisualStudioVersion = 15.0.28010.2036
MinimumVisualStudioVersion = 10.0.40219.1
Project("{9A19103F-16F7-4668-BE54-9A1E7A4F7556}") = "LibA", "LibA\LibA.csproj", "{CD2E2B58-0829-4A71-B75A-48FF37472857}"
EndProject
Project("{9A19103F-16F7-4668-BE54-9A1E7A4F7556}") = "LibB", "LibB\LibB.csproj", "{86B436F4-DECA-42D4-BA74-C9777A8FE306}"
EndProject
Project("{2150E333-8FDC-42A3-9474-1A3956D46DE8}") = "Solution Items", "Solution Items", "{A521C65C-BC98-4CDA-9177-DF57A86B2CBB}"
	ProjectSection(SolutionItems) = preProject
		Directory.Build.props = Directory.Build.props
	EndProjectSection
EndProject
Global
	GlobalSection(SolutionConfigurationPlatforms) = preSolution
		Debug|Any CPU = Debug|Any CPU
		Release|Any CPU = Release|Any CPU
	EndGlobalSection
	GlobalSection(ProjectConfigurationPlatforms) = postSolution
		{CD2E2B58-0829-4A71-B75A-48FF37472857}.Debug|Any CPU.ActiveCfg = Debug|Any CPU
		{CD2E2B58-0829-4A71-B75A-48FF37472857}.Debug|Any CPU.Build.0 = Debug|Any CPU
		{CD2E2B58-0829-4A71-B75A-48FF37472857}.Release|Any CPU.ActiveCfg = Release|Any CPU
		{CD2E2B58-0829-4A71-B75A-48FF37472857}.Release|Any CPU.Build.0 = Release|Any CPU
		{86B436F4-DECA-42D4-BA74-C9777A8FE306}.Debug|Any CPU.ActiveCfg = Debug|Any CPU
		{86B436F4-DECA-42D4-BA74-C9777A8FE306}.Debug|Any CPU.Build.0 = Debug|Any CPU
		{86B436F4-DECA-42D4-BA74-C9777A8FE306}.Release|Any CPU.ActiveCfg = Release|Any CPU
		{86B436F4-DECA-42D4-BA74-C9777A8FE306}.Release|Any CPU.Build.0 = Release|Any CPU
	EndGlobalSection
	GlobalSection(SolutionProperties) = preSolution
		HideSolutionNode = FALSE
	EndGlobalSection
	GlobalSection(ExtensibilityGlobals) = postSolution
		SolutionGuid = {27747621-0DEF-4A09-AB6B-05A5F249CB2B}
	EndGlobalSection
EndGlobal
